{
  "name": "13-graceful-shutdown",
  "lockfileVersion": 3,
  "requires": true,
  "packages": {
    "": {
      "dependencies": {
        "@furi-server/furi": "file:../../furi/dist"
      }
    },
    "../../furi/dist": {
      "name": "@furi-server/furi",
      "version": "0.2.7",
      "license": "GPL-3.0",
      "dependencies": {
        "@deno/shim-deno": "~0.18.0",
        "yaml": "*"
      },
      "devDependencies": {
        "@types/node": "^20.9.0"
      }
    },
    "node_modules/@furi-server/furi": {
      "resolved": "../../furi/dist",
      "link": true
    }
  }
}
